{
  "requires": true,
  "lockfileVersion": 1,
  "dependencies": {
    "sweetalert2": {
      "version": "8.0.6",
      "resolved": "https://registry.npmjs.org/sweetalert2/-/sweetalert2-8.0.6.tgz",
      "integrity": "sha512-ymekWX+fV4X0zHRkbPVyTh7qhq31+8j+4uQl3oowIlpk1nclqMqrKeGihi8I5uNXvlo2ur4e9Nga7pxE+GIrmQ=="
    }
  }
}
